{
  "name": "JUNE",
  "lockfileVersion": 3,
  "requires": true,
  "packages": {
    "": {
      "dependencies": {
        "sass-mq": "^7.0.0"
      }
    },
    "node_modules/sass-mq": {
      "version": "7.0.0",
      "resolved": "https://registry.npmjs.org/sass-mq/-/sass-mq-7.0.0.tgz",
      "integrity": "sha512-agZLg70uRebwCqE+ODyoeISxCS+8gOYunaGPASZn1vREqVYUbFgSfrGKLK+ZBxObZhJMaH3LSeYMetvl55sASQ==",
      "license": "MIT"
    }
  }
}
